
Microsoft Visual Studio Solution File, Format Version 12.00
# Visual Studio Version 16
VisualStudioVersion = 16.0.29123.88
MinimumVisualStudioVersion = 10.0.40219.1
Project("{FAE04EC0-301F-11D3-BF4B-00C04F79EFBC}") = "Store.Presentation", "Store.Presentation\Store.Presentation.csproj", "{7077CFE1-B38E-4579-B8F4-D1513CE5A74B}"
EndProject
Project("{FAE04EC0-301F-11D3-BF4B-00C04F79EFBC}") = "Store.BusinessLogic", "Store.BusinessLogic\Store.BusinessLogic.csproj", "{0156C4D7-07DA-4306-B14C-88DA7A8B593E}"
EndProject
Project("{FAE04EC0-301F-11D3-BF4B-00C04F79EFBC}") = "Store.DataAccess", "Store.DataAccess\Store.DataAccess.csproj", "{0E0CEE0E-8317-4DB3-8DCD-78FDEFDAD8FD}"
EndProject
Global
	GlobalSection(SolutionConfigurationPlatforms) = preSolution
		Debug|Any CPU = Debug|Any CPU
		Release|Any CPU = Release|Any CPU
	EndGlobalSection
	GlobalSection(ProjectConfigurationPlatforms) = postSolution
		{7077CFE1-B38E-4579-B8F4-D1513CE5A74B}.Debug|Any CPU.ActiveCfg = Debug|Any CPU
		{7077CFE1-B38E-4579-B8F4-D1513CE5A74B}.Debug|Any CPU.Build.0 = Debug|Any CPU
		{7077CFE1-B38E-4579-B8F4-D1513CE5A74B}.Release|Any CPU.ActiveCfg = Release|Any CPU
		{7077CFE1-B38E-4579-B8F4-D1513CE5A74B}.Release|Any CPU.Build.0 = Release|Any CPU
		{0156C4D7-07DA-4306-B14C-88DA7A8B593E}.Debug|Any CPU.ActiveCfg = Debug|Any CPU
		{0156C4D7-07DA-4306-B14C-88DA7A8B593E}.Debug|Any CPU.Build.0 = Debug|Any CPU
		{0156C4D7-07DA-4306-B14C-88DA7A8B593E}.Release|Any CPU.ActiveCfg = Release|Any CPU
		{0156C4D7-07DA-4306-B14C-88DA7A8B593E}.Release|Any CPU.Build.0 = Release|Any CPU
		{0E0CEE0E-8317-4DB3-8DCD-78FDEFDAD8FD}.Debug|Any CPU.ActiveCfg = Debug|Any CPU
		{0E0CEE0E-8317-4DB3-8DCD-78FDEFDAD8FD}.Debug|Any CPU.Build.0 = Debug|Any CPU
		{0E0CEE0E-8317-4DB3-8DCD-78FDEFDAD8FD}.Release|Any CPU.ActiveCfg = Release|Any CPU
		{0E0CEE0E-8317-4DB3-8DCD-78FDEFDAD8FD}.Release|Any CPU.Build.0 = Release|Any CPU
	EndGlobalSection
	GlobalSection(SolutionProperties) = preSolution
		HideSolutionNode = FALSE
	EndGlobalSection
	GlobalSection(ExtensibilityGlobals) = postSolution
		SolutionGuid = {1FBB10DA-8989-4065-8D1E-EC324E1A500C}
	EndGlobalSection
EndGlobal
